
Microsoft Visual Studio Solution File, Format Version 12.00
# Visual Studio Version 17
VisualStudioVersion = 17.0.32126.317
MinimumVisualStudioVersion = 10.0.40219.1
Project("{FAE04EC0-301F-11D3-BF4B-00C04F79EFBC}") = "Comp235MVCDemo", "Comp235MVCDemo\Comp235MVCDemo.csproj", "{3D3BB004-B04C-46F9-9098-65595413AA57}"
EndProject
Global
	GlobalSection(SolutionConfigurationPlatforms) = preSolution
		Debug|Any CPU = Debug|Any CPU
		Release|Any CPU = Release|Any CPU
	EndGlobalSection
	GlobalSection(ProjectConfigurationPlatforms) = postSolution
		{3D3BB004-B04C-46F9-9098-65595413AA57}.Debug|Any CPU.ActiveCfg = Debug|Any CPU
		{3D3BB004-B04C-46F9-9098-65595413AA57}.Debug|Any CPU.Build.0 = Debug|Any CPU
		{3D3BB004-B04C-46F9-9098-65595413AA57}.Release|Any CPU.ActiveCfg = Release|Any CPU
		{3D3BB004-B04C-46F9-9098-65595413AA57}.Release|Any CPU.Build.0 = Release|Any CPU
	EndGlobalSection
	GlobalSection(SolutionProperties) = preSolution
		HideSolutionNode = FALSE
	EndGlobalSection
	GlobalSection(ExtensibilityGlobals) = postSolution
		SolutionGuid = {FC6BDF06-C2B6-476C-BA7B-794B52CE3446}
	EndGlobalSection
EndGlobal
